
Microsoft Visual Studio Solution File, Format Version 12.00
# Visual Studio Version 17
VisualStudioVersion = 17.0.32112.339
MinimumVisualStudioVersion = 10.0.40219.1
Project("{FAE04EC0-301F-11D3-BF4B-00C04F79EFBC}") = "Bbt.Campaign.Api", "Bbt.Campaign.Api\Bbt.Campaign.Api.csproj", "{49C4BB6F-B807-41EC-9AE6-A89A388FBE7B}"
EndProject
Global
	GlobalSection(SolutionConfigurationPlatforms) = preSolution
		Debug|Any CPU = Debug|Any CPU
		Release|Any CPU = Release|Any CPU
	EndGlobalSection
	GlobalSection(ProjectConfigurationPlatforms) = postSolution
		{49C4BB6F-B807-41EC-9AE6-A89A388FBE7B}.Debug|Any CPU.ActiveCfg = Debug|Any CPU
		{49C4BB6F-B807-41EC-9AE6-A89A388FBE7B}.Debug|Any CPU.Build.0 = Debug|Any CPU
		{49C4BB6F-B807-41EC-9AE6-A89A388FBE7B}.Release|Any CPU.ActiveCfg = Release|Any CPU
		{49C4BB6F-B807-41EC-9AE6-A89A388FBE7B}.Release|Any CPU.Build.0 = Release|Any CPU
	EndGlobalSection
	GlobalSection(SolutionProperties) = preSolution
		HideSolutionNode = FALSE
	EndGlobalSection
	GlobalSection(ExtensibilityGlobals) = postSolution
		SolutionGuid = {C4B87AAD-D46C-4372-BD89-6FCAD39B9974}
	EndGlobalSection
EndGlobal
